// !$*UTF8*$!
{
	archiveVersion = 1;
	classes = {
	};
	objectVersion = 50;
	objects = {

/* Begin PBXBuildFile section */
		9409BC36258C10A100A95B9A /* Binding.swift in Sources */ = {isa = PBXBuildFile; fileRef = 9409BC35258C10A100A95B9A /* Binding.swift */; };
		9409BC3B258C11E200A95B9A /* PackageCommands.swift in Sources */ = {isa = PBXBuildFile; fileRef = 9409BC3A258C11E200A95B9A /* PackageCommands.swift */; };
		9409BC3F258C120700A95B9A /* ViewCommands.swift in Sources */ = {isa = PBXBuildFile; fileRef = 9409BC3E258C120700A95B9A /* ViewCommands.swift */; };
		9417F099258C123C008679E8 /* AppCommands.swift in Sources */ = {isa = PBXBuildFile; fileRef = 9421EF2B258B0A8C00C0EC8B /* AppCommands.swift */; };
		9421EF16258AC99000C0EC8B /* HomebrewOperationQueue.swift in Sources */ = {isa = PBXBuildFile; fileRef = 9421EF15258AC99000C0EC8B /* HomebrewOperationQueue.swift */; };
		9421EF19258AE77E00C0EC8B /* HomebrewCommand.swift in Sources */ = {isa = PBXBuildFile; fileRef = 9421EF18258AE77E00C0EC8B /* HomebrewCommand.swift */; };
		9421EF1E258AF51100C0EC8B /* ProcessOperation.swift in Sources */ = {isa = PBXBuildFile; fileRef = 9421EF1D258AF51100C0EC8B /* ProcessOperation.swift */; };
		9421EF23258AF77600C0EC8B /* HomebrewConfiguration.swift in Sources */ = {isa = PBXBuildFile; fileRef = 9421EF22258AF77600C0EC8B /* HomebrewConfiguration.swift */; };
		94B042962589666B00222EEF /* HomebrUIApp.swift in Sources */ = {isa = PBXBuildFile; fileRef = 94B042952589666B00222EEF /* HomebrUIApp.swift */; };
		94B0429A2589666C00222EEF /* Assets.xcassets in Resources */ = {isa = PBXBuildFile; fileRef = 94B042992589666C00222EEF /* Assets.xcassets */; };
		94B0429D2589666C00222EEF /* Preview Assets.xcassets in Resources */ = {isa = PBXBuildFile; fileRef = 94B0429C2589666C00222EEF /* Preview Assets.xcassets */; };
		94B042A82589672700222EEF /* Homebrew.swift in Sources */ = {isa = PBXBuildFile; fileRef = 94B042A72589672700222EEF /* Homebrew.swift */; };
		94B042AB2589708500222EEF /* Process.swift in Sources */ = {isa = PBXBuildFile; fileRef = 94B042AA2589708500222EEF /* Process.swift */; };
		94C12123258B22700014E558 /* OperationInfoView.swift in Sources */ = {isa = PBXBuildFile; fileRef = 94C12122258B22700014E558 /* OperationInfoView.swift */; };
		94E38D4E258B428B00747B04 /* SidebarView.swift in Sources */ = {isa = PBXBuildFile; fileRef = 94E38D4D258B428B00747B04 /* SidebarView.swift */; };
		94E4A247258980C400CC1C7D /* HomebrewModels.swift in Sources */ = {isa = PBXBuildFile; fileRef = 94E4A246258980C400CC1C7D /* HomebrewModels.swift */; };
		94E4A24A2589A3D400CC1C7D /* PackageRepository.swift in Sources */ = {isa = PBXBuildFile; fileRef = 94E4A2492589A3D400CC1C7D /* PackageRepository.swift */; };
		94E4A24E2589BD1F00CC1C7D /* InstalledPackagesView.swift in Sources */ = {isa = PBXBuildFile; fileRef = 94E4A24D2589BD1F00CC1C7D /* InstalledPackagesView.swift */; };
		94E4A2522589BD3A00CC1C7D /* Input.swift in Sources */ = {isa = PBXBuildFile; fileRef = 94E4A2512589BD3A00CC1C7D /* Input.swift */; };
		94E4A2562589BD9600CC1C7D /* PackageDetailView.swift in Sources */ = {isa = PBXBuildFile; fileRef = 94E4A2552589BD9600CC1C7D /* PackageDetailView.swift */; };
		94E4A25C2589C9A500CC1C7D /* Package.swift in Sources */ = {isa = PBXBuildFile; fileRef = 94E4A25B2589C9A500CC1C7D /* Package.swift */; };
		94E615AA258ABFAA000D432C /* AsyncOperation.swift in Sources */ = {isa = PBXBuildFile; fileRef = 94E615A9258ABFAA000D432C /* AsyncOperation.swift */; };
/* End PBXBuildFile section */

/* Begin PBXFileReference section */
		9409BC35258C10A100A95B9A /* Binding.swift */ = {isa = PBXFileReference; lastKnownFileType = sourcecode.swift; path = Binding.swift; sourceTree = "<group>"; };
		9409BC3A258C11E200A95B9A /* PackageCommands.swift */ = {isa = PBXFileReference; lastKnownFileType = sourcecode.swift; path = PackageCommands.swift; sourceTree = "<group>"; };
		9409BC3E258C120700A95B9A /* ViewCommands.swift */ = {isa = PBXFileReference; lastKnownFileType = sourcecode.swift; path = ViewCommands.swift; sourceTree = "<group>"; };
		9421EF15258AC99000C0EC8B /* HomebrewOperationQueue.swift */ = {isa = PBXFileReference; lastKnownFileType = sourcecode.swift; path = HomebrewOperationQueue.swift; sourceTree = "<group>"; };
		9421EF18258AE77E00C0EC8B /* HomebrewCommand.swift */ = {isa = PBXFileReference; lastKnownFileType = sourcecode.swift; path = HomebrewCommand.swift; sourceTree = "<group>"; };
		9421EF1D258AF51100C0EC8B /* ProcessOperation.swift */ = {isa = PBXFileReference; lastKnownFileType = sourcecode.swift; path = ProcessOperation.swift; sourceTree = "<group>"; };
		9421EF22258AF77600C0EC8B /* HomebrewConfiguration.swift */ = {isa = PBXFileReference; lastKnownFileType = sourcecode.swift; path = HomebrewConfiguration.swift; sourceTree = "<group>"; };
		9421EF2B258B0A8C00C0EC8B /* AppCommands.swift */ = {isa = PBXFileReference; lastKnownFileType = sourcecode.swift; path = AppCommands.swift; sourceTree = "<group>"; };
		94B042922589666B00222EEF /* HomebrUI.app */ = {isa = PBXFileReference; explicitFileType = wrapper.application; includeInIndex = 0; path = HomebrUI.app; sourceTree = BUILT_PRODUCTS_DIR; };
		94B042952589666B00222EEF /* HomebrUIApp.swift */ = {isa = PBXFileReference; lastKnownFileType = sourcecode.swift; path = HomebrUIApp.swift; sourceTree = "<group>"; };
		94B042992589666C00222EEF /* Assets.xcassets */ = {isa = PBXFileReference; lastKnownFileType = folder.assetcatalog; path = Assets.xcassets; sourceTree = "<group>"; };
		94B0429C2589666C00222EEF /* Preview Assets.xcassets */ = {isa = PBXFileReference; lastKnownFileType = folder.assetcatalog; path = "Preview Assets.xcassets"; sourceTree = "<group>"; };
		94B0429E2589666C00222EEF /* Info.plist */ = {isa = PBXFileReference; lastKnownFileType = text.plist.xml; path = Info.plist; sourceTree = "<group>"; };
		94B0429F2589666C00222EEF /* HomebrUI.entitlements */ = {isa = PBXFileReference; lastKnownFileType = text.plist.entitlements; path = HomebrUI.entitlements; sourceTree = "<group>"; };
		94B042A72589672700222EEF /* Homebrew.swift */ = {isa = PBXFileReference; lastKnownFileType = sourcecode.swift; path = Homebrew.swift; sourceTree = "<group>"; };
		94B042AA2589708500222EEF /* Process.swift */ = {isa = PBXFileReference; lastKnownFileType = sourcecode.swift; path = Process.swift; sourceTree = "<group>"; };
		94C12122258B22700014E558 /* OperationInfoView.swift */ = {isa = PBXFileReference; lastKnownFileType = sourcecode.swift; path = OperationInfoView.swift; sourceTree = "<group>"; };
		94E38D4D258B428B00747B04 /* SidebarView.swift */ = {isa = PBXFileReference; lastKnownFileType = sourcecode.swift; path = SidebarView.swift; sourceTree = "<group>"; };
		94E4A246258980C400CC1C7D /* HomebrewModels.swift */ = {isa = PBXFileReference; lastKnownFileType = sourcecode.swift; path = HomebrewModels.swift; sourceTree = "<group>"; };
		94E4A2492589A3D400CC1C7D /* PackageRepository.swift */ = {isa = PBXFileReference; lastKnownFileType = sourcecode.swift; path = PackageRepository.swift; sourceTree = "<group>"; };
		94E4A24D2589BD1F00CC1C7D /* InstalledPackagesView.swift */ = {isa = PBXFileReference; lastKnownFileType = sourcecode.swift; path = InstalledPackagesView.swift; sourceTree = "<group>"; };
		94E4A2512589BD3A00CC1C7D /* Input.swift */ = {isa = PBXFileReference; lastKnownFileType = sourcecode.swift; path = Input.swift; sourceTree = "<group>"; };
		94E4A2552589BD9600CC1C7D /* PackageDetailView.swift */ = {isa = PBXFileReference; lastKnownFileType = sourcecode.swift; path = PackageDetailView.swift; sourceTree = "<group>"; };
		94E4A25B2589C9A500CC1C7D /* Package.swift */ = {isa = PBXFileReference; lastKnownFileType = sourcecode.swift; path = Package.swift; sourceTree = "<group>"; };
		94E615A9258ABFAA000D432C /* AsyncOperation.swift */ = {isa = PBXFileReference; lastKnownFileType = sourcecode.swift; path = AsyncOperation.swift; sourceTree = "<group>"; };
/* End PBXFileReference section */

/* Begin PBXFrameworksBuildPhase section */
		94B0428F2589666B00222EEF /* Frameworks */ = {
			isa = PBXFrameworksBuildPhase;
			buildActionMask = 2147483647;
			files = (
			);
			runOnlyForDeploymentPostprocessing = 0;
		};
/* End PBXFrameworksBuildPhase section */

/* Begin PBXGroup section */
		9409BC34258C109600A95B9A /* Extensions */ = {
			isa = PBXGroup;
			children = (
				9409BC35258C10A100A95B9A /* Binding.swift */,
			);
			path = Extensions;
			sourceTree = "<group>";
		};
		9409BC39258C11D800A95B9A /* Commands */ = {
			isa = PBXGroup;
			children = (
				9421EF2B258B0A8C00C0EC8B /* AppCommands.swift */,
				9409BC3A258C11E200A95B9A /* PackageCommands.swift */,
				9409BC3E258C120700A95B9A /* ViewCommands.swift */,
			);
			path = Commands;
			sourceTree = "<group>";
		};
		94B042892589666B00222EEF = {
			isa = PBXGroup;
			children = (
				94B042942589666B00222EEF /* HomebrUI */,
				94B042932589666B00222EEF /* Products */,
			);
			sourceTree = "<group>";
		};
		94B042932589666B00222EEF /* Products */ = {
			isa = PBXGroup;
			children = (
				94B042922589666B00222EEF /* HomebrUI.app */,
			);
			name = Products;
			sourceTree = "<group>";
		};
		94B042942589666B00222EEF /* HomebrUI */ = {
			isa = PBXGroup;
			children = (
				94E4A25A2589C99100CC1C7D /* Models */,
				94E4A24C2589BD1400CC1C7D /* Views */,
				9409BC39258C11D800A95B9A /* Commands */,
				94B042A62589671600222EEF /* Homebrew */,
				9409BC34258C109600A95B9A /* Extensions */,
				94B042952589666B00222EEF /* HomebrUIApp.swift */,
				94B042992589666C00222EEF /* Assets.xcassets */,
				94B0429E2589666C00222EEF /* Info.plist */,
				94B0429F2589666C00222EEF /* HomebrUI.entitlements */,
				94B0429B2589666C00222EEF /* Preview Content */,
			);
			path = HomebrUI;
			sourceTree = "<group>";
		};
		94B0429B2589666C00222EEF /* Preview Content */ = {
			isa = PBXGroup;
			children = (
				94B0429C2589666C00222EEF /* Preview Assets.xcassets */,
			);
			path = "Preview Content";
			sourceTree = "<group>";
		};
		94B042A62589671600222EEF /* Homebrew */ = {
			isa = PBXGroup;
			children = (
				94E615A9258ABFAA000D432C /* AsyncOperation.swift */,
				94B042A72589672700222EEF /* Homebrew.swift */,
				9421EF18258AE77E00C0EC8B /* HomebrewCommand.swift */,
				9421EF22258AF77600C0EC8B /* HomebrewConfiguration.swift */,
				94E4A246258980C400CC1C7D /* HomebrewModels.swift */,
				9421EF15258AC99000C0EC8B /* HomebrewOperationQueue.swift */,
				94B042AA2589708500222EEF /* Process.swift */,
				9421EF1D258AF51100C0EC8B /* ProcessOperation.swift */,
			);
			path = Homebrew;
			sourceTree = "<group>";
		};
		94E4A24C2589BD1400CC1C7D /* Views */ = {
			isa = PBXGroup;
			children = (
				94E4A2512589BD3A00CC1C7D /* Input.swift */,
				94E4A24D2589BD1F00CC1C7D /* InstalledPackagesView.swift */,
				94C12122258B22700014E558 /* OperationInfoView.swift */,
				94E4A2552589BD9600CC1C7D /* PackageDetailView.swift */,
				94E38D4D258B428B00747B04 /* SidebarView.swift */,
			);
			path = Views;
			sourceTree = "<group>";
		};
		94E4A25A2589C99100CC1C7D /* Models */ = {
			isa = PBXGroup;
			children = (
				94E4A25B2589C9A500CC1C7D /* Package.swift */,
				94E4A2492589A3D400CC1C7D /* PackageRepository.swift */,
			);
			path = Models;
			sourceTree = "<group>";
		};
/* End PBXGroup section */

/* Begin PBXNativeTarget section */
		94B042912589666B00222EEF /* HomebrUI */ = {
			isa = PBXNativeTarget;
			buildConfigurationList = 94B042A22589666C00222EEF /* Build configuration list for PBXNativeTarget "HomebrUI" */;
			buildPhases = (
				94B0428E2589666B00222EEF /* Sources */,
				94B0428F2589666B00222EEF /* Frameworks */,
				94B042902589666B00222EEF /* Resources */,
			);
			buildRules = (
			);
			dependencies = (
			);
			name = HomebrUI;
			productName = HomebrUI;
			productReference = 94B042922589666B00222EEF /* HomebrUI.app */;
			productType = "com.apple.product-type.application";
		};
/* End PBXNativeTarget section */

/* Begin PBXProject section */
		94B0428A2589666B00222EEF /* Project object */ = {
			isa = PBXProject;
			attributes = {
				LastSwiftUpdateCheck = 1230;
				LastUpgradeCheck = 1230;
				TargetAttributes = {
					94B042912589666B00222EEF = {
						CreatedOnToolsVersion = 12.3;
					};
				};
			};
			buildConfigurationList = 94B0428D2589666B00222EEF /* Build configuration list for PBXProject "HomebrUI" */;
			compatibilityVersion = "Xcode 9.3";
			developmentRegion = en;
			hasScannedForEncodings = 0;
			knownRegions = (
				en,
				Base,
			);
			mainGroup = 94B042892589666B00222EEF;
			productRefGroup = 94B042932589666B00222EEF /* Products */;
			projectDirPath = "";
			projectRoot = "";
			targets = (
				94B042912589666B00222EEF /* HomebrUI */,
			);
		};
/* End PBXProject section */

/* Begin PBXResourcesBuildPhase section */
		94B042902589666B00222EEF /* Resources */ = {
			isa = PBXResourcesBuildPhase;
			buildActionMask = 2147483647;
			files = (
				94B0429D2589666C00222EEF /* Preview Assets.xcassets in Resources */,
				94B0429A2589666C00222EEF /* Assets.xcassets in Resources */,
			);
			runOnlyForDeploymentPostprocessing = 0;
		};
/* End PBXResourcesBuildPhase section */

/* Begin PBXSourcesBuildPhase section */
		94B0428E2589666B00222EEF /* Sources */ = {
			isa = PBXSourcesBuildPhase;
			buildActionMask = 2147483647;
			files = (
				94E615AA258ABFAA000D432C /* AsyncOperation.swift in Sources */,
				94E4A24A2589A3D400CC1C7D /* PackageRepository.swift in Sources */,
				94E4A24E2589BD1F00CC1C7D /* InstalledPackagesView.swift in Sources */,
				9417F099258C123C008679E8 /* AppCommands.swift in Sources */,
				94E4A2562589BD9600CC1C7D /* PackageDetailView.swift in Sources */,
				94E4A25C2589C9A500CC1C7D /* Package.swift in Sources */,
				9421EF23258AF77600C0EC8B /* HomebrewConfiguration.swift in Sources */,
				9409BC3F258C120700A95B9A /* ViewCommands.swift in Sources */,
				9421EF1E258AF51100C0EC8B /* ProcessOperation.swift in Sources */,
				94E4A247258980C400CC1C7D /* HomebrewModels.swift in Sources */,
				94B042A82589672700222EEF /* Homebrew.swift in Sources */,
				9421EF16258AC99000C0EC8B /* HomebrewOperationQueue.swift in Sources */,
				94C12123258B22700014E558 /* OperationInfoView.swift in Sources */,
				94B042962589666B00222EEF /* HomebrUIApp.swift in Sources */,
				94E4A2522589BD3A00CC1C7D /* Input.swift in Sources */,
				9409BC36258C10A100A95B9A /* Binding.swift in Sources */,
				94B042AB2589708500222EEF /* Process.swift in Sources */,
				94E38D4E258B428B00747B04 /* SidebarView.swift in Sources */,
				9409BC3B258C11E200A95B9A /* PackageCommands.swift in Sources */,
				9421EF19258AE77E00C0EC8B /* HomebrewCommand.swift in Sources */,
			);
			runOnlyForDeploymentPostprocessing = 0;
		};
/* End PBXSourcesBuildPhase section */

/* Begin XCBuildConfiguration section */
		94B042A02589666C00222EEF /* Debug */ = {
			isa = XCBuildConfiguration;
			buildSettings = {
				ALWAYS_SEARCH_USER_PATHS = NO;
				CLANG_ANALYZER_NONNULL = YES;
				CLANG_ANALYZER_NUMBER_OBJECT_CONVERSION = YES_AGGRESSIVE;
				CLANG_CXX_LANGUAGE_STANDARD = "gnu++14";
				CLANG_CXX_LIBRARY = "libc++";
				CLANG_ENABLE_MODULES = YES;
				CLANG_ENABLE_OBJC_ARC = YES;
				CLANG_ENABLE_OBJC_WEAK = YES;
				CLANG_WARN_BLOCK_CAPTURE_AUTORELEASING = YES;
				CLANG_WARN_BOOL_CONVERSION = YES;
				CLANG_WARN_COMMA = YES;
				CLANG_WARN_CONSTANT_CONVERSION = YES;
				CLANG_WARN_DEPRECATED_OBJC_IMPLEMENTATIONS = YES;
				CLANG_WARN_DIRECT_OBJC_ISA_USAGE = YES_ERROR;
				CLANG_WARN_DOCUMENTATION_COMMENTS = YES;
				CLANG_WARN_EMPTY_BODY = YES;
				CLANG_WARN_ENUM_CONVERSION = YES;
				CLANG_WARN_INFINITE_RECURSION = YES;
				CLANG_WARN_INT_CONVERSION = YES;
				CLANG_WARN_NON_LITERAL_NULL_CONVERSION = YES;
				CLANG_WARN_OBJC_IMPLICIT_RETAIN_SELF = YES;
				CLANG_WARN_OBJC_LITERAL_CONVERSION = YES;
				CLANG_WARN_OBJC_ROOT_CLASS = YES_ERROR;
				CLANG_WARN_QUOTED_INCLUDE_IN_FRAMEWORK_HEADER = YES;
				CLANG_WARN_RANGE_LOOP_ANALYSIS = YES;
				CLANG_WARN_STRICT_PROTOTYPES = YES;
				CLANG_WARN_SUSPICIOUS_MOVE = YES;
				CLANG_WARN_UNGUARDED_AVAILABILITY = YES_AGGRESSIVE;
				CLANG_WARN_UNREACHABLE_CODE = YES;
				CLANG_WARN__DUPLICATE_METHOD_MATCH = YES;
				COPY_PHASE_STRIP = NO;
				DEBUG_INFORMATION_FORMAT = dwarf;
				ENABLE_STRICT_OBJC_MSGSEND = YES;
				ENABLE_TESTABILITY = YES;
				GCC_C_LANGUAGE_STANDARD = gnu11;
				GCC_DYNAMIC_NO_PIC = NO;
				GCC_NO_COMMON_BLOCKS = YES;
				GCC_OPTIMIZATION_LEVEL = 0;
				GCC_PREPROCESSOR_DEFINITIONS = (
					"DEBUG=1",
					"$(inherited)",
				);
				GCC_WARN_64_TO_32_BIT_CONVERSION = YES;
				GCC_WARN_ABOUT_RETURN_TYPE = YES_ERROR;
				GCC_WARN_UNDECLARED_SELECTOR = YES;
				GCC_WARN_UNINITIALIZED_AUTOS = YES_AGGRESSIVE;
				GCC_WARN_UNUSED_FUNCTION = YES;
				GCC_WARN_UNUSED_VARIABLE = YES;
				MACOSX_DEPLOYMENT_TARGET = 11.1;
				MTL_ENABLE_DEBUG_INFO = INCLUDE_SOURCE;
				MTL_FAST_MATH = YES;
				ONLY_ACTIVE_ARCH = YES;
				SDKROOT = macosx;
				SWIFT_ACTIVE_COMPILATION_CONDITIONS = DEBUG;
				SWIFT_OPTIMIZATION_LEVEL = "-Onone";
			};
			name = Debug;
		};
		94B042A12589666C00222EEF /* Release */ = {
			isa = XCBuildConfiguration;
			buildSettings = {
				ALWAYS_SEARCH_USER_PATHS = NO;
				CLANG_ANALYZER_NONNULL = YES;
				CLANG_ANALYZER_NUMBER_OBJECT_CONVERSION = YES_AGGRESSIVE;
				CLANG_CXX_LANGUAGE_STANDARD = "gnu++14";
				CLANG_CXX_LIBRARY = "libc++";
				CLANG_ENABLE_MODULES = YES;
				CLANG_ENABLE_OBJC_ARC = YES;
				CLANG_ENABLE_OBJC_WEAK = YES;
				CLANG_WARN_BLOCK_CAPTURE_AUTORELEASING = YES;
				CLANG_WARN_BOOL_CONVERSION = YES;
				CLANG_WARN_COMMA = YES;
				CLANG_WARN_CONSTANT_CONVERSION = YES;
				CLANG_WARN_DEPRECATED_OBJC_IMPLEMENTATIONS = YES;
				CLANG_WARN_DIRECT_OBJC_ISA_USAGE = YES_ERROR;
				CLANG_WARN_DOCUMENTATION_COMMENTS = YES;
				CLANG_WARN_EMPTY_BODY = YES;
				CLANG_WARN_ENUM_CONVERSION = YES;
				CLANG_WARN_INFINITE_RECURSION = YES;
				CLANG_WARN_INT_CONVERSION = YES;
				CLANG_WARN_NON_LITERAL_NULL_CONVERSION = YES;
				CLANG_WARN_OBJC_IMPLICIT_RETAIN_SELF = YES;
				CLANG_WARN_OBJC_LITERAL_CONVERSION = YES;
				CLANG_WARN_OBJC_ROOT_CLASS = YES_ERROR;
				CLANG_WARN_QUOTED_INCLUDE_IN_FRAMEWORK_HEADER = YES;
				CLANG_WARN_RANGE_LOOP_ANALYSIS = YES;
				CLANG_WARN_STRICT_PROTOTYPES = YES;
				CLANG_WARN_SUSPICIOUS_MOVE = YES;
				CLANG_WARN_UNGUARDED_AVAILABILITY = YES_AGGRESSIVE;
				CLANG_WARN_UNREACHABLE_CODE = YES;
				CLANG_WARN__DUPLICATE_METHOD_MATCH = YES;
				COPY_PHASE_STRIP = NO;
				DEBUG_INFORMATION_FORMAT = "dwarf-with-dsym";
				ENABLE_NS_ASSERTIONS = NO;
				ENABLE_STRICT_OBJC_MSGSEND = YES;
				GCC_C_LANGUAGE_STANDARD = gnu11;
				GCC_NO_COMMON_BLOCKS = YES;
				GCC_WARN_64_TO_32_BIT_CONVERSION = YES;
				GCC_WARN_ABOUT_RETURN_TYPE = YES_ERROR;
				GCC_WARN_UNDECLARED_SELECTOR = YES;
				GCC_WARN_UNINITIALIZED_AUTOS = YES_AGGRESSIVE;
				GCC_WARN_UNUSED_FUNCTION = YES;
				GCC_WARN_UNUSED_VARIABLE = YES;
				MACOSX_DEPLOYMENT_TARGET = 11.1;
				MTL_ENABLE_DEBUG_INFO = NO;
				MTL_FAST_MATH = YES;
				SDKROOT = macosx;
				SWIFT_COMPILATION_MODE = wholemodule;
				SWIFT_OPTIMIZATION_LEVEL = "-O";
			};
			name = Release;
		};
		94B042A32589666C00222EEF /* Debug */ = {
			isa = XCBuildConfiguration;
			buildSettings = {
				ASSETCATALOG_COMPILER_APPICON_NAME = AppIcon;
				ASSETCATALOG_COMPILER_GLOBAL_ACCENT_COLOR_NAME = AccentColor;
				CODE_SIGN_ENTITLEMENTS = HomebrUI/HomebrUI.entitlements;
				CODE_SIGN_STYLE = Automatic;
				COMBINE_HIDPI_IMAGES = YES;
				DEVELOPMENT_ASSET_PATHS = "\"HomebrUI/Preview Content\"";
				DEVELOPMENT_TEAM = P2RDBY63TT;
				ENABLE_HARDENED_RUNTIME = YES;
				ENABLE_PREVIEWS = YES;
				INFOPLIST_FILE = HomebrUI/Info.plist;
				LD_RUNPATH_SEARCH_PATHS = (
					"$(inherited)",
					"@executable_path/../Frameworks",
				);
				MACOSX_DEPLOYMENT_TARGET = 11.0;
				PRODUCT_BUNDLE_IDENTIFIER = org.rypac.HomebrUI;
				PRODUCT_NAME = "$(TARGET_NAME)";
				SWIFT_VERSION = 5.0;
			};
			name = Debug;
		};
		94B042A42589666C00222EEF /* Release */ = {
			isa = XCBuildConfiguration;
			buildSettings = {
				ASSETCATALOG_COMPILER_APPICON_NAME = AppIcon;
				ASSETCATALOG_COMPILER_GLOBAL_ACCENT_COLOR_NAME = AccentColor;
				CODE_SIGN_ENTITLEMENTS = HomebrUI/HomebrUI.entitlements;
				CODE_SIGN_STYLE = Automatic;
				COMBINE_HIDPI_IMAGES = YES;
				DEVELOPMENT_ASSET_PATHS = "\"HomebrUI/Preview Content\"";
				DEVELOPMENT_TEAM = P2RDBY63TT;
				ENABLE_HARDENED_RUNTIME = YES;
				ENABLE_PREVIEWS = YES;
				INFOPLIST_FILE = HomebrUI/Info.plist;
				LD_RUNPATH_SEARCH_PATHS = (
					"$(inherited)",
					"@executable_path/../Frameworks",
				);
				MACOSX_DEPLOYMENT_TARGET = 11.0;
				PRODUCT_BUNDLE_IDENTIFIER = org.rypac.HomebrUI;
				PRODUCT_NAME = "$(TARGET_NAME)";
				SWIFT_VERSION = 5.0;
			};
			name = Release;
		};
/* End XCBuildConfiguration section */

/* Begin XCConfigurationList section */
		94B0428D2589666B00222EEF /* Build configuration list for PBXProject "HomebrUI" */ = {
			isa = XCConfigurationList;
			buildConfigurations = (
				94B042A02589666C00222EEF /* Debug */,
				94B042A12589666C00222EEF /* Release */,
			);
			defaultConfigurationIsVisible = 0;
			defaultConfigurationName = Release;
		};
		94B042A22589666C00222EEF /* Build configuration list for PBXNativeTarget "HomebrUI" */ = {
			isa = XCConfigurationList;
			buildConfigurations = (
				94B042A32589666C00222EEF /* Debug */,
				94B042A42589666C00222EEF /* Release */,
			);
			defaultConfigurationIsVisible = 0;
			defaultConfigurationName = Release;
		};
/* End XCConfigurationList section */
	};
	rootObject = 94B0428A2589666B00222EEF /* Project object */;
}
